
Microsoft Visual Studio Solution File, Format Version 12.00
# Visual Studio 15
VisualStudioVersion = 15.0.28307.168
MinimumVisualStudioVersion = 10.0.40219.1
Project("{FAE04EC0-301F-11D3-BF4B-00C04F79EFBC}") = "C969 Project", "C969 Project.csproj", "{5C14E467-6EAE-47B4-AB79-77BED942F64D}"
EndProject
Global
	GlobalSection(SolutionConfigurationPlatforms) = preSolution
		Debug|Any CPU = Debug|Any CPU
		Release|Any CPU = Release|Any CPU
	EndGlobalSection
	GlobalSection(ProjectConfigurationPlatforms) = postSolution
		{5C14E467-6EAE-47B4-AB79-77BED942F64D}.Debug|Any CPU.ActiveCfg = Debug|Any CPU
		{5C14E467-6EAE-47B4-AB79-77BED942F64D}.Debug|Any CPU.Build.0 = Debug|Any CPU
		{5C14E467-6EAE-47B4-AB79-77BED942F64D}.Release|Any CPU.ActiveCfg = Release|Any CPU
		{5C14E467-6EAE-47B4-AB79-77BED942F64D}.Release|Any CPU.Build.0 = Release|Any CPU
	EndGlobalSection
	GlobalSection(SolutionProperties) = preSolution
		HideSolutionNode = FALSE
	EndGlobalSection
	GlobalSection(ExtensibilityGlobals) = postSolution
		SolutionGuid = {AED25675-16B0-485D-85B5-8D4FF08096EA}
	EndGlobalSection
EndGlobal
